
Microsoft Visual Studio Solution File, Format Version 12.00
# Visual Studio Version 17
VisualStudioVersion = 17.6.33712.159
MinimumVisualStudioVersion = 10.0.40219.1
Project("{8BC9CEB8-8B4A-11D0-8D11-00A0C91BC942}") = "Tarea 2do Parcial", "Tarea 2do Parcial\Tarea 2do Parcial.vcxproj", "{04742B5F-04A5-404C-AFD5-AF3A4D6519E9}"
EndProject
Global
	GlobalSection(SolutionConfigurationPlatforms) = preSolution
		Debug|x64 = Debug|x64
		Debug|x86 = Debug|x86
		Release|x64 = Release|x64
		Release|x86 = Release|x86
	EndGlobalSection
	GlobalSection(ProjectConfigurationPlatforms) = postSolution
		{04742B5F-04A5-404C-AFD5-AF3A4D6519E9}.Debug|x64.ActiveCfg = Debug|x64
		{04742B5F-04A5-404C-AFD5-AF3A4D6519E9}.Debug|x64.Build.0 = Debug|x64
		{04742B5F-04A5-404C-AFD5-AF3A4D6519E9}.Debug|x86.ActiveCfg = Debug|Win32
		{04742B5F-04A5-404C-AFD5-AF3A4D6519E9}.Debug|x86.Build.0 = Debug|Win32
		{04742B5F-04A5-404C-AFD5-AF3A4D6519E9}.Release|x64.ActiveCfg = Release|x64
		{04742B5F-04A5-404C-AFD5-AF3A4D6519E9}.Release|x64.Build.0 = Release|x64
		{04742B5F-04A5-404C-AFD5-AF3A4D6519E9}.Release|x86.ActiveCfg = Release|Win32
		{04742B5F-04A5-404C-AFD5-AF3A4D6519E9}.Release|x86.Build.0 = Release|Win32
	EndGlobalSection
	GlobalSection(SolutionProperties) = preSolution
		HideSolutionNode = FALSE
	EndGlobalSection
	GlobalSection(ExtensibilityGlobals) = postSolution
		SolutionGuid = {59ECB17C-6A17-4682-9CD8-613F397D9140}
	EndGlobalSection
EndGlobal
